[[package]]
name = "futures"
version = "0.1.18"
source = "registry+https://github.com/rust-lang/crates.io-index"

[[package]]
name = "merkle-tree-stream"
version = "0.1.0"
dependencies = [
 "futures 0.1.18 (registry+https://github.com/rust-lang/crates.io-index)",
]

[metadata]
"checksum futures 0.1.18 (registry+https://github.com/rust-lang/crates.io-index)" = "0bab5b5e94f5c31fc764ba5dd9ad16568aae5d4825538c01d6bca680c9bf94a7"
